// !$*UTF8*$!
{
	archiveVersion = 1;
	classes = {
	};
	objectVersion = 56;
	objects = {

/* Begin PBXBuildFile section */
		7EEECC392DC1F3CF00EFE9E1 /* SenseOSUserActivity.h in Headers */ = {isa = PBXBuildFile; fileRef = 7EEECC382DC1F3CF00EFE9E1 /* SenseOSUserActivity.h */; settings = {ATTRIBUTES = (Public, ); }; };
		7EEECC402DC1F3F000EFE9E1 /* Orientation.swift in Sources */ = {isa = PBXBuildFile; fileRef = 7EEECC3F2DC1F3F000EFE9E1 /* Orientation.swift */; };
		7EEECC422DC1F3F800EFE9E1 /* ScrollMetrics.swift in Sources */ = {isa = PBXBuildFile; fileRef = 7EEECC412DC1F3F800EFE9E1 /* ScrollMetrics.swift */; };
		7EEECC442DC1F3FE00EFE9E1 /* TouchMetrics.swift in Sources */ = {isa = PBXBuildFile; fileRef = 7EEECC432DC1F3FD00EFE9E1 /* TouchMetrics.swift */; };
		7EEECC462DC1F40400EFE9E1 /* TypingMetrics.swift in Sources */ = {isa = PBXBuildFile; fileRef = 7EEECC452DC1F40400EFE9E1 /* TypingMetrics.swift */; };
		7EEECC482DC1F42300EFE9E1 /* SenseOSConfig.swift in Sources */ = {isa = PBXBuildFile; fileRef = 7EEECC472DC1F42300EFE9E1 /* SenseOSConfig.swift */; };
		7EEECC4A2DC1F44300EFE9E1 /* SenseOSUserActivity.swift in Sources */ = {isa = PBXBuildFile; fileRef = 7EEECC492DC1F44300EFE9E1 /* SenseOSUserActivity.swift */; };
		7EEECC532DC1F55200EFE9E1 /* AppDelegate.swift in Sources */ = {isa = PBXBuildFile; fileRef = 7EEECC522DC1F55200EFE9E1 /* AppDelegate.swift */; };
		7EEECC552DC1F55200EFE9E1 /* SceneDelegate.swift in Sources */ = {isa = PBXBuildFile; fileRef = 7EEECC542DC1F55200EFE9E1 /* SceneDelegate.swift */; };
		7EEECC5C2DC1F55400EFE9E1 /* Assets.xcassets in Resources */ = {isa = PBXBuildFile; fileRef = 7EEECC5B2DC1F55400EFE9E1 /* Assets.xcassets */; };
		7EEECC652DC1F58800EFE9E1 /* HomeController.swift in Sources */ = {isa = PBXBuildFile; fileRef = 7EEECC642DC1F58800EFE9E1 /* HomeController.swift */; };
		7EEECC672DC1F58C00EFE9E1 /* DocumentController.swift in Sources */ = {isa = PBXBuildFile; fileRef = 7EEECC662DC1F58C00EFE9E1 /* DocumentController.swift */; };
		7EEECC692DC1F59400EFE9E1 /* PolicyController.swift in Sources */ = {isa = PBXBuildFile; fileRef = 7EEECC682DC1F59400EFE9E1 /* PolicyController.swift */; };
		7EEECC6B2DC1F59900EFE9E1 /* SupportController.swift in Sources */ = {isa = PBXBuildFile; fileRef = 7EEECC6A2DC1F59900EFE9E1 /* SupportController.swift */; };
		7EEECC6D2DC1F5A700EFE9E1 /* Main.storyboard in Resources */ = {isa = PBXBuildFile; fileRef = 7EEECC6C2DC1F5A700EFE9E1 /* Main.storyboard */; };
		7EEECC6F2DC1F5C600EFE9E1 /* LaunchScreen.storyboard in Resources */ = {isa = PBXBuildFile; fileRef = 7EEECC6E2DC1F5C600EFE9E1 /* LaunchScreen.storyboard */; };
		7EEECC7C2DC1F62200EFE9E1 /* TopCornerRadius.swift in Sources */ = {isa = PBXBuildFile; fileRef = 7EEECC702DC1F62100EFE9E1 /* TopCornerRadius.swift */; };
		7EEECC7D2DC1F62200EFE9E1 /* Satoshi-Light.otf in Resources */ = {isa = PBXBuildFile; fileRef = 7EEECC712DC1F62100EFE9E1 /* Satoshi-Light.otf */; };
		7EEECC7E2DC1F62200EFE9E1 /* Satoshi-Regular.otf in Resources */ = {isa = PBXBuildFile; fileRef = 7EEECC722DC1F62100EFE9E1 /* Satoshi-Regular.otf */; };
		7EEECC7F2DC1F62200EFE9E1 /* Satoshi-Medium.otf in Resources */ = {isa = PBXBuildFile; fileRef = 7EEECC732DC1F62100EFE9E1 /* Satoshi-Medium.otf */; };
		7EEECC802DC1F62200EFE9E1 /* Satoshi-MediumItalic.otf in Resources */ = {isa = PBXBuildFile; fileRef = 7EEECC742DC1F62100EFE9E1 /* Satoshi-MediumItalic.otf */; };
		7EEECC812DC1F62200EFE9E1 /* Extension.swift in Sources */ = {isa = PBXBuildFile; fileRef = 7EEECC752DC1F62100EFE9E1 /* Extension.swift */; };
		7EEECC822DC1F62200EFE9E1 /* Satoshi-LightItalic.otf in Resources */ = {isa = PBXBuildFile; fileRef = 7EEECC762DC1F62100EFE9E1 /* Satoshi-LightItalic.otf */; };
		7EEECC832DC1F62200EFE9E1 /* Satoshi-BoldItalic.otf in Resources */ = {isa = PBXBuildFile; fileRef = 7EEECC772DC1F62100EFE9E1 /* Satoshi-BoldItalic.otf */; };
		7EEECC842DC1F62200EFE9E1 /* Satoshi-Bold.otf in Resources */ = {isa = PBXBuildFile; fileRef = 7EEECC782DC1F62200EFE9E1 /* Satoshi-Bold.otf */; };
		7EEECC852DC1F62200EFE9E1 /* Satoshi-Italic.otf in Resources */ = {isa = PBXBuildFile; fileRef = 7EEECC792DC1F62200EFE9E1 /* Satoshi-Italic.otf */; };
		7EEECC862DC1F62200EFE9E1 /* Satoshi-Black.otf in Resources */ = {isa = PBXBuildFile; fileRef = 7EEECC7A2DC1F62200EFE9E1 /* Satoshi-Black.otf */; };
		7EEECC872DC1F62200EFE9E1 /* Satoshi-BlackItalic.otf in Resources */ = {isa = PBXBuildFile; fileRef = 7EEECC7B2DC1F62200EFE9E1 /* Satoshi-BlackItalic.otf */; };
		7EEECC892DC1F6BE00EFE9E1 /* SenseOSUserActivity.framework in Frameworks */ = {isa = PBXBuildFile; fileRef = 7EEECC352DC1F3CF00EFE9E1 /* SenseOSUserActivity.framework */; };
		7EEECC8A2DC1F6BE00EFE9E1 /* SenseOSUserActivity.framework in Embed Frameworks */ = {isa = PBXBuildFile; fileRef = 7EEECC352DC1F3CF00EFE9E1 /* SenseOSUserActivity.framework */; settings = {ATTRIBUTES = (CodeSignOnCopy, RemoveHeadersOnCopy, ); }; };
/* End PBXBuildFile section */

/* Begin PBXContainerItemProxy section */
		7EEECC8B2DC1F6BE00EFE9E1 /* PBXContainerItemProxy */ = {
			isa = PBXContainerItemProxy;
			containerPortal = 7EEECC2C2DC1F3CF00EFE9E1 /* Project object */;
			proxyType = 1;
			remoteGlobalIDString = 7EEECC342DC1F3CF00EFE9E1;
			remoteInfo = SenseOSUserActivity;
		};
/* End PBXContainerItemProxy section */

/* Begin PBXCopyFilesBuildPhase section */
		7EEECC8D2DC1F6BE00EFE9E1 /* Embed Frameworks */ = {
			isa = PBXCopyFilesBuildPhase;
			buildActionMask = 2147483647;
			dstPath = "";
			dstSubfolderSpec = 10;
			files = (
				7EEECC8A2DC1F6BE00EFE9E1 /* SenseOSUserActivity.framework in Embed Frameworks */,
			);
			name = "Embed Frameworks";
			runOnlyForDeploymentPostprocessing = 0;
		};
/* End PBXCopyFilesBuildPhase section */

/* Begin PBXFileReference section */
		7EEECC352DC1F3CF00EFE9E1 /* SenseOSUserActivity.framework */ = {isa = PBXFileReference; explicitFileType = wrapper.framework; includeInIndex = 0; path = SenseOSUserActivity.framework; sourceTree = BUILT_PRODUCTS_DIR; };
		7EEECC382DC1F3CF00EFE9E1 /* SenseOSUserActivity.h */ = {isa = PBXFileReference; lastKnownFileType = sourcecode.c.h; path = SenseOSUserActivity.h; sourceTree = "<group>"; };
		7EEECC3F2DC1F3F000EFE9E1 /* Orientation.swift */ = {isa = PBXFileReference; fileEncoding = 4; lastKnownFileType = sourcecode.swift; path = Orientation.swift; sourceTree = "<group>"; };
		7EEECC412DC1F3F800EFE9E1 /* ScrollMetrics.swift */ = {isa = PBXFileReference; fileEncoding = 4; lastKnownFileType = sourcecode.swift; path = ScrollMetrics.swift; sourceTree = "<group>"; };
		7EEECC432DC1F3FD00EFE9E1 /* TouchMetrics.swift */ = {isa = PBXFileReference; fileEncoding = 4; lastKnownFileType = sourcecode.swift; path = TouchMetrics.swift; sourceTree = "<group>"; };
		7EEECC452DC1F40400EFE9E1 /* TypingMetrics.swift */ = {isa = PBXFileReference; fileEncoding = 4; lastKnownFileType = sourcecode.swift; path = TypingMetrics.swift; sourceTree = "<group>"; };
		7EEECC472DC1F42300EFE9E1 /* SenseOSConfig.swift */ = {isa = PBXFileReference; fileEncoding = 4; lastKnownFileType = sourcecode.swift; path = SenseOSConfig.swift; sourceTree = "<group>"; };
		7EEECC492DC1F44300EFE9E1 /* SenseOSUserActivity.swift */ = {isa = PBXFileReference; lastKnownFileType = sourcecode.swift; path = SenseOSUserActivity.swift; sourceTree = "<group>"; };
		7EEECC502DC1F55200EFE9E1 /* UserActivity.app */ = {isa = PBXFileReference; explicitFileType = wrapper.application; includeInIndex = 0; path = UserActivity.app; sourceTree = BUILT_PRODUCTS_DIR; };
		7EEECC522DC1F55200EFE9E1 /* AppDelegate.swift */ = {isa = PBXFileReference; lastKnownFileType = sourcecode.swift; path = AppDelegate.swift; sourceTree = "<group>"; };
		7EEECC542DC1F55200EFE9E1 /* SceneDelegate.swift */ = {isa = PBXFileReference; lastKnownFileType = sourcecode.swift; path = SceneDelegate.swift; sourceTree = "<group>"; };
		7EEECC5B2DC1F55400EFE9E1 /* Assets.xcassets */ = {isa = PBXFileReference; lastKnownFileType = folder.assetcatalog; path = Assets.xcassets; sourceTree = "<group>"; };
		7EEECC602DC1F55400EFE9E1 /* Info.plist */ = {isa = PBXFileReference; lastKnownFileType = text.plist.xml; path = Info.plist; sourceTree = "<group>"; };
		7EEECC642DC1F58800EFE9E1 /* HomeController.swift */ = {isa = PBXFileReference; fileEncoding = 4; lastKnownFileType = sourcecode.swift; path = HomeController.swift; sourceTree = "<group>"; };
		7EEECC662DC1F58C00EFE9E1 /* DocumentController.swift */ = {isa = PBXFileReference; fileEncoding = 4; lastKnownFileType = sourcecode.swift; path = DocumentController.swift; sourceTree = "<group>"; };
		7EEECC682DC1F59400EFE9E1 /* PolicyController.swift */ = {isa = PBXFileReference; fileEncoding = 4; lastKnownFileType = sourcecode.swift; path = PolicyController.swift; sourceTree = "<group>"; };
		7EEECC6A2DC1F59900EFE9E1 /* SupportController.swift */ = {isa = PBXFileReference; fileEncoding = 4; lastKnownFileType = sourcecode.swift; path = SupportController.swift; sourceTree = "<group>"; };
		7EEECC6C2DC1F5A700EFE9E1 /* Main.storyboard */ = {isa = PBXFileReference; fileEncoding = 4; lastKnownFileType = file.storyboard; path = Main.storyboard; sourceTree = "<group>"; };
		7EEECC6E2DC1F5C600EFE9E1 /* LaunchScreen.storyboard */ = {isa = PBXFileReference; fileEncoding = 4; lastKnownFileType = file.storyboard; path = LaunchScreen.storyboard; sourceTree = "<group>"; };
		7EEECC702DC1F62100EFE9E1 /* TopCornerRadius.swift */ = {isa = PBXFileReference; fileEncoding = 4; lastKnownFileType = sourcecode.swift; path = TopCornerRadius.swift; sourceTree = "<group>"; };
		7EEECC712DC1F62100EFE9E1 /* Satoshi-Light.otf */ = {isa = PBXFileReference; lastKnownFileType = file; path = "Satoshi-Light.otf"; sourceTree = "<group>"; };
		7EEECC722DC1F62100EFE9E1 /* Satoshi-Regular.otf */ = {isa = PBXFileReference; lastKnownFileType = file; path = "Satoshi-Regular.otf"; sourceTree = "<group>"; };
		7EEECC732DC1F62100EFE9E1 /* Satoshi-Medium.otf */ = {isa = PBXFileReference; lastKnownFileType = file; path = "Satoshi-Medium.otf"; sourceTree = "<group>"; };
		7EEECC742DC1F62100EFE9E1 /* Satoshi-MediumItalic.otf */ = {isa = PBXFileReference; lastKnownFileType = file; path = "Satoshi-MediumItalic.otf"; sourceTree = "<group>"; };
		7EEECC752DC1F62100EFE9E1 /* Extension.swift */ = {isa = PBXFileReference; fileEncoding = 4; lastKnownFileType = sourcecode.swift; path = Extension.swift; sourceTree = "<group>"; };
		7EEECC762DC1F62100EFE9E1 /* Satoshi-LightItalic.otf */ = {isa = PBXFileReference; lastKnownFileType = file; path = "Satoshi-LightItalic.otf"; sourceTree = "<group>"; };
		7EEECC772DC1F62100EFE9E1 /* Satoshi-BoldItalic.otf */ = {isa = PBXFileReference; lastKnownFileType = file; path = "Satoshi-BoldItalic.otf"; sourceTree = "<group>"; };
		7EEECC782DC1F62200EFE9E1 /* Satoshi-Bold.otf */ = {isa = PBXFileReference; lastKnownFileType = file; path = "Satoshi-Bold.otf"; sourceTree = "<group>"; };
		7EEECC792DC1F62200EFE9E1 /* Satoshi-Italic.otf */ = {isa = PBXFileReference; lastKnownFileType = file; path = "Satoshi-Italic.otf"; sourceTree = "<group>"; };
		7EEECC7A2DC1F62200EFE9E1 /* Satoshi-Black.otf */ = {isa = PBXFileReference; lastKnownFileType = file; path = "Satoshi-Black.otf"; sourceTree = "<group>"; };
		7EEECC7B2DC1F62200EFE9E1 /* Satoshi-BlackItalic.otf */ = {isa = PBXFileReference; lastKnownFileType = file; path = "Satoshi-BlackItalic.otf"; sourceTree = "<group>"; };
/* End PBXFileReference section */

/* Begin PBXFrameworksBuildPhase section */
		7EEECC322DC1F3CF00EFE9E1 /* Frameworks */ = {
			isa = PBXFrameworksBuildPhase;
			buildActionMask = 2147483647;
			files = (
			);
			runOnlyForDeploymentPostprocessing = 0;
		};
		7EEECC4D2DC1F55200EFE9E1 /* Frameworks */ = {
			isa = PBXFrameworksBuildPhase;
			buildActionMask = 2147483647;
			files = (
				7EEECC892DC1F6BE00EFE9E1 /* SenseOSUserActivity.framework in Frameworks */,
			);
			runOnlyForDeploymentPostprocessing = 0;
		};
/* End PBXFrameworksBuildPhase section */

/* Begin PBXGroup section */
		7EEECC2B2DC1F3CF00EFE9E1 = {
			isa = PBXGroup;
			children = (
				7EEECC4B2DC1F4A700EFE9E1 /* Extension */,
				7EEECC372DC1F3CF00EFE9E1 /* SenseOSUserActivity */,
				7EEECC512DC1F55200EFE9E1 /* UserActivity */,
				7EEECC362DC1F3CF00EFE9E1 /* Products */,
				7EEECC882DC1F6BE00EFE9E1 /* Frameworks */,
			);
			sourceTree = "<group>";
		};
		7EEECC362DC1F3CF00EFE9E1 /* Products */ = {
			isa = PBXGroup;
			children = (
				7EEECC352DC1F3CF00EFE9E1 /* SenseOSUserActivity.framework */,
				7EEECC502DC1F55200EFE9E1 /* UserActivity.app */,
			);
			name = Products;
			sourceTree = "<group>";
		};
		7EEECC372DC1F3CF00EFE9E1 /* SenseOSUserActivity */ = {
			isa = PBXGroup;
			children = (
				7EEECC382DC1F3CF00EFE9E1 /* SenseOSUserActivity.h */,
				7EEECC3F2DC1F3F000EFE9E1 /* Orientation.swift */,
				7EEECC412DC1F3F800EFE9E1 /* ScrollMetrics.swift */,
				7EEECC432DC1F3FD00EFE9E1 /* TouchMetrics.swift */,
				7EEECC452DC1F40400EFE9E1 /* TypingMetrics.swift */,
				7EEECC472DC1F42300EFE9E1 /* SenseOSConfig.swift */,
				7EEECC492DC1F44300EFE9E1 /* SenseOSUserActivity.swift */,
			);
			path = SenseOSUserActivity;
			sourceTree = "<group>";
		};
		7EEECC4B2DC1F4A700EFE9E1 /* Extension */ = {
			isa = PBXGroup;
			children = (
				7EEECC752DC1F62100EFE9E1 /* Extension.swift */,
				7EEECC702DC1F62100EFE9E1 /* TopCornerRadius.swift */,
				7EEECC7A2DC1F62200EFE9E1 /* Satoshi-Black.otf */,
				7EEECC7B2DC1F62200EFE9E1 /* Satoshi-BlackItalic.otf */,
				7EEECC782DC1F62200EFE9E1 /* Satoshi-Bold.otf */,
				7EEECC772DC1F62100EFE9E1 /* Satoshi-BoldItalic.otf */,
				7EEECC792DC1F62200EFE9E1 /* Satoshi-Italic.otf */,
				7EEECC712DC1F62100EFE9E1 /* Satoshi-Light.otf */,
				7EEECC762DC1F62100EFE9E1 /* Satoshi-LightItalic.otf */,
				7EEECC732DC1F62100EFE9E1 /* Satoshi-Medium.otf */,
				7EEECC742DC1F62100EFE9E1 /* Satoshi-MediumItalic.otf */,
				7EEECC722DC1F62100EFE9E1 /* Satoshi-Regular.otf */,
			);
			path = Extension;
			sourceTree = "<group>";
		};
		7EEECC512DC1F55200EFE9E1 /* UserActivity */ = {
			isa = PBXGroup;
			children = (
				7EEECC522DC1F55200EFE9E1 /* AppDelegate.swift */,
				7EEECC542DC1F55200EFE9E1 /* SceneDelegate.swift */,
				7EEECC642DC1F58800EFE9E1 /* HomeController.swift */,
				7EEECC662DC1F58C00EFE9E1 /* DocumentController.swift */,
				7EEECC682DC1F59400EFE9E1 /* PolicyController.swift */,
				7EEECC6A2DC1F59900EFE9E1 /* SupportController.swift */,
				7EEECC6C2DC1F5A700EFE9E1 /* Main.storyboard */,
				7EEECC5B2DC1F55400EFE9E1 /* Assets.xcassets */,
				7EEECC6E2DC1F5C600EFE9E1 /* LaunchScreen.storyboard */,
				7EEECC602DC1F55400EFE9E1 /* Info.plist */,
			);
			path = UserActivity;
			sourceTree = "<group>";
		};
		7EEECC882DC1F6BE00EFE9E1 /* Frameworks */ = {
			isa = PBXGroup;
			children = (
			);
			name = Frameworks;
			sourceTree = "<group>";
		};
/* End PBXGroup section */

/* Begin PBXHeadersBuildPhase section */
		7EEECC302DC1F3CF00EFE9E1 /* Headers */ = {
			isa = PBXHeadersBuildPhase;
			buildActionMask = 2147483647;
			files = (
				7EEECC392DC1F3CF00EFE9E1 /* SenseOSUserActivity.h in Headers */,
			);
			runOnlyForDeploymentPostprocessing = 0;
		};
/* End PBXHeadersBuildPhase section */

/* Begin PBXNativeTarget section */
		7EEECC342DC1F3CF00EFE9E1 /* SenseOSUserActivity */ = {
			isa = PBXNativeTarget;
			buildConfigurationList = 7EEECC3C2DC1F3CF00EFE9E1 /* Build configuration list for PBXNativeTarget "SenseOSUserActivity" */;
			buildPhases = (
				7EEECC302DC1F3CF00EFE9E1 /* Headers */,
				7EEECC312DC1F3CF00EFE9E1 /* Sources */,
				7EEECC322DC1F3CF00EFE9E1 /* Frameworks */,
				7EEECC332DC1F3CF00EFE9E1 /* Resources */,
			);
			buildRules = (
			);
			dependencies = (
			);
			name = SenseOSUserActivity;
			productName = SenseOSUserActivity;
			productReference = 7EEECC352DC1F3CF00EFE9E1 /* SenseOSUserActivity.framework */;
			productType = "com.apple.product-type.framework";
		};
		7EEECC4F2DC1F55200EFE9E1 /* UserActivity */ = {
			isa = PBXNativeTarget;
			buildConfigurationList = 7EEECC612DC1F55400EFE9E1 /* Build configuration list for PBXNativeTarget "UserActivity" */;
			buildPhases = (
				7EEECC4C2DC1F55200EFE9E1 /* Sources */,
				7EEECC4D2DC1F55200EFE9E1 /* Frameworks */,
				7EEECC4E2DC1F55200EFE9E1 /* Resources */,
				7EEECC8D2DC1F6BE00EFE9E1 /* Embed Frameworks */,
			);
			buildRules = (
			);
			dependencies = (
				7EEECC8C2DC1F6BE00EFE9E1 /* PBXTargetDependency */,
			);
			name = UserActivity;
			productName = UserActivity;
			productReference = 7EEECC502DC1F55200EFE9E1 /* UserActivity.app */;
			productType = "com.apple.product-type.application";
		};
/* End PBXNativeTarget section */

/* Begin PBXProject section */
		7EEECC2C2DC1F3CF00EFE9E1 /* Project object */ = {
			isa = PBXProject;
			attributes = {
				BuildIndependentTargetsInParallel = 1;
				LastSwiftUpdateCheck = 1520;
				LastUpgradeCheck = 1520;
				TargetAttributes = {
					7EEECC342DC1F3CF00EFE9E1 = {
						CreatedOnToolsVersion = 15.2;
						LastSwiftMigration = 1520;
					};
					7EEECC4F2DC1F55200EFE9E1 = {
						CreatedOnToolsVersion = 15.2;
					};
				};
			};
			buildConfigurationList = 7EEECC2F2DC1F3CF00EFE9E1 /* Build configuration list for PBXProject "SenseOSUserActivity" */;
			compatibilityVersion = "Xcode 14.0";
			developmentRegion = en;
			hasScannedForEncodings = 0;
			knownRegions = (
				en,
				Base,
			);
			mainGroup = 7EEECC2B2DC1F3CF00EFE9E1;
			productRefGroup = 7EEECC362DC1F3CF00EFE9E1 /* Products */;
			projectDirPath = "";
			projectRoot = "";
			targets = (
				7EEECC342DC1F3CF00EFE9E1 /* SenseOSUserActivity */,
				7EEECC4F2DC1F55200EFE9E1 /* UserActivity */,
			);
		};
/* End PBXProject section */

/* Begin PBXResourcesBuildPhase section */
		7EEECC332DC1F3CF00EFE9E1 /* Resources */ = {
			isa = PBXResourcesBuildPhase;
			buildActionMask = 2147483647;
			files = (
			);
			runOnlyForDeploymentPostprocessing = 0;
		};
		7EEECC4E2DC1F55200EFE9E1 /* Resources */ = {
			isa = PBXResourcesBuildPhase;
			buildActionMask = 2147483647;
			files = (
				7EEECC7E2DC1F62200EFE9E1 /* Satoshi-Regular.otf in Resources */,
				7EEECC862DC1F62200EFE9E1 /* Satoshi-Black.otf in Resources */,
				7EEECC802DC1F62200EFE9E1 /* Satoshi-MediumItalic.otf in Resources */,
				7EEECC832DC1F62200EFE9E1 /* Satoshi-BoldItalic.otf in Resources */,
				7EEECC7D2DC1F62200EFE9E1 /* Satoshi-Light.otf in Resources */,
				7EEECC7F2DC1F62200EFE9E1 /* Satoshi-Medium.otf in Resources */,
				7EEECC822DC1F62200EFE9E1 /* Satoshi-LightItalic.otf in Resources */,
				7EEECC6F2DC1F5C600EFE9E1 /* LaunchScreen.storyboard in Resources */,
				7EEECC6D2DC1F5A700EFE9E1 /* Main.storyboard in Resources */,
				7EEECC872DC1F62200EFE9E1 /* Satoshi-BlackItalic.otf in Resources */,
				7EEECC852DC1F62200EFE9E1 /* Satoshi-Italic.otf in Resources */,
				7EEECC842DC1F62200EFE9E1 /* Satoshi-Bold.otf in Resources */,
				7EEECC5C2DC1F55400EFE9E1 /* Assets.xcassets in Resources */,
			);
			runOnlyForDeploymentPostprocessing = 0;
		};
/* End PBXResourcesBuildPhase section */

/* Begin PBXSourcesBuildPhase section */
		7EEECC312DC1F3CF00EFE9E1 /* Sources */ = {
			isa = PBXSourcesBuildPhase;
			buildActionMask = 2147483647;
			files = (
				7EEECC462DC1F40400EFE9E1 /* TypingMetrics.swift in Sources */,
				7EEECC422DC1F3F800EFE9E1 /* ScrollMetrics.swift in Sources */,
				7EEECC482DC1F42300EFE9E1 /* SenseOSConfig.swift in Sources */,
				7EEECC442DC1F3FE00EFE9E1 /* TouchMetrics.swift in Sources */,
				7EEECC4A2DC1F44300EFE9E1 /* SenseOSUserActivity.swift in Sources */,
				7EEECC402DC1F3F000EFE9E1 /* Orientation.swift in Sources */,
			);
			runOnlyForDeploymentPostprocessing = 0;
		};
		7EEECC4C2DC1F55200EFE9E1 /* Sources */ = {
			isa = PBXSourcesBuildPhase;
			buildActionMask = 2147483647;
			files = (
				7EEECC7C2DC1F62200EFE9E1 /* TopCornerRadius.swift in Sources */,
				7EEECC532DC1F55200EFE9E1 /* AppDelegate.swift in Sources */,
				7EEECC552DC1F55200EFE9E1 /* SceneDelegate.swift in Sources */,
				7EEECC692DC1F59400EFE9E1 /* PolicyController.swift in Sources */,
				7EEECC672DC1F58C00EFE9E1 /* DocumentController.swift in Sources */,
				7EEECC652DC1F58800EFE9E1 /* HomeController.swift in Sources */,
				7EEECC6B2DC1F59900EFE9E1 /* SupportController.swift in Sources */,
				7EEECC812DC1F62200EFE9E1 /* Extension.swift in Sources */,
			);
			runOnlyForDeploymentPostprocessing = 0;
		};
/* End PBXSourcesBuildPhase section */

/* Begin PBXTargetDependency section */
		7EEECC8C2DC1F6BE00EFE9E1 /* PBXTargetDependency */ = {
			isa = PBXTargetDependency;
			target = 7EEECC342DC1F3CF00EFE9E1 /* SenseOSUserActivity */;
			targetProxy = 7EEECC8B2DC1F6BE00EFE9E1 /* PBXContainerItemProxy */;
		};
/* End PBXTargetDependency section */

/* Begin XCBuildConfiguration section */
		7EEECC3A2DC1F3CF00EFE9E1 /* Debug */ = {
			isa = XCBuildConfiguration;
			buildSettings = {
				ALWAYS_SEARCH_USER_PATHS = NO;
				ASSETCATALOG_COMPILER_GENERATE_SWIFT_ASSET_SYMBOL_EXTENSIONS = YES;
				CLANG_ANALYZER_NONNULL = YES;
				CLANG_ANALYZER_NUMBER_OBJECT_CONVERSION = YES_AGGRESSIVE;
				CLANG_CXX_LANGUAGE_STANDARD = "gnu++20";
				CLANG_ENABLE_MODULES = YES;
				CLANG_ENABLE_OBJC_ARC = YES;
				CLANG_ENABLE_OBJC_WEAK = YES;
				CLANG_WARN_BLOCK_CAPTURE_AUTORELEASING = YES;
				CLANG_WARN_BOOL_CONVERSION = YES;
				CLANG_WARN_COMMA = YES;
				CLANG_WARN_CONSTANT_CONVERSION = YES;
				CLANG_WARN_DEPRECATED_OBJC_IMPLEMENTATIONS = YES;
				CLANG_WARN_DIRECT_OBJC_ISA_USAGE = YES_ERROR;
				CLANG_WARN_DOCUMENTATION_COMMENTS = YES;
				CLANG_WARN_EMPTY_BODY = YES;
				CLANG_WARN_ENUM_CONVERSION = YES;
				CLANG_WARN_INFINITE_RECURSION = YES;
				CLANG_WARN_INT_CONVERSION = YES;
				CLANG_WARN_NON_LITERAL_NULL_CONVERSION = YES;
				CLANG_WARN_OBJC_IMPLICIT_RETAIN_SELF = YES;
				CLANG_WARN_OBJC_LITERAL_CONVERSION = YES;
				CLANG_WARN_OBJC_ROOT_CLASS = YES_ERROR;
				CLANG_WARN_QUOTED_INCLUDE_IN_FRAMEWORK_HEADER = YES;
				CLANG_WARN_RANGE_LOOP_ANALYSIS = YES;
				CLANG_WARN_STRICT_PROTOTYPES = YES;
				CLANG_WARN_SUSPICIOUS_MOVE = YES;
				CLANG_WARN_UNGUARDED_AVAILABILITY = YES_AGGRESSIVE;
				CLANG_WARN_UNREACHABLE_CODE = YES;
				CLANG_WARN__DUPLICATE_METHOD_MATCH = YES;
				COPY_PHASE_STRIP = NO;
				CURRENT_PROJECT_VERSION = 1;
				DEBUG_INFORMATION_FORMAT = dwarf;
				ENABLE_STRICT_OBJC_MSGSEND = YES;
				ENABLE_TESTABILITY = YES;
				ENABLE_USER_SCRIPT_SANDBOXING = YES;
				GCC_C_LANGUAGE_STANDARD = gnu17;
				GCC_DYNAMIC_NO_PIC = NO;
				GCC_NO_COMMON_BLOCKS = YES;
				GCC_OPTIMIZATION_LEVEL = 0;
				GCC_PREPROCESSOR_DEFINITIONS = (
					"DEBUG=1",
					"$(inherited)",
				);
				GCC_WARN_64_TO_32_BIT_CONVERSION = YES;
				GCC_WARN_ABOUT_RETURN_TYPE = YES_ERROR;
				GCC_WARN_UNDECLARED_SELECTOR = YES;
				GCC_WARN_UNINITIALIZED_AUTOS = YES_AGGRESSIVE;
				GCC_WARN_UNUSED_FUNCTION = YES;
				GCC_WARN_UNUSED_VARIABLE = YES;
				IPHONEOS_DEPLOYMENT_TARGET = 12.0;
				LOCALIZATION_PREFERS_STRING_CATALOGS = YES;
				MTL_ENABLE_DEBUG_INFO = INCLUDE_SOURCE;
				MTL_FAST_MATH = YES;
				ONLY_ACTIVE_ARCH = YES;
				SDKROOT = iphoneos;
				SWIFT_ACTIVE_COMPILATION_CONDITIONS = "DEBUG $(inherited)";
				SWIFT_OPTIMIZATION_LEVEL = "-Onone";
				VERSIONING_SYSTEM = "apple-generic";
				VERSION_INFO_PREFIX = "";
			};
			name = Debug;
		};
		7EEECC3B2DC1F3CF00EFE9E1 /* Release */ = {
			isa = XCBuildConfiguration;
			buildSettings = {
				ALWAYS_SEARCH_USER_PATHS = NO;
				ASSETCATALOG_COMPILER_GENERATE_SWIFT_ASSET_SYMBOL_EXTENSIONS = YES;
				CLANG_ANALYZER_NONNULL = YES;
				CLANG_ANALYZER_NUMBER_OBJECT_CONVERSION = YES_AGGRESSIVE;
				CLANG_CXX_LANGUAGE_STANDARD = "gnu++20";
				CLANG_ENABLE_MODULES = YES;
				CLANG_ENABLE_OBJC_ARC = YES;
				CLANG_ENABLE_OBJC_WEAK = YES;
				CLANG_WARN_BLOCK_CAPTURE_AUTORELEASING = YES;
				CLANG_WARN_BOOL_CONVERSION = YES;
				CLANG_WARN_COMMA = YES;
				CLANG_WARN_CONSTANT_CONVERSION = YES;
				CLANG_WARN_DEPRECATED_OBJC_IMPLEMENTATIONS = YES;
				CLANG_WARN_DIRECT_OBJC_ISA_USAGE = YES_ERROR;
				CLANG_WARN_DOCUMENTATION_COMMENTS = YES;
				CLANG_WARN_EMPTY_BODY = YES;
				CLANG_WARN_ENUM_CONVERSION = YES;
				CLANG_WARN_INFINITE_RECURSION = YES;
				CLANG_WARN_INT_CONVERSION = YES;
				CLANG_WARN_NON_LITERAL_NULL_CONVERSION = YES;
				CLANG_WARN_OBJC_IMPLICIT_RETAIN_SELF = YES;
				CLANG_WARN_OBJC_LITERAL_CONVERSION = YES;
				CLANG_WARN_OBJC_ROOT_CLASS = YES_ERROR;
				CLANG_WARN_QUOTED_INCLUDE_IN_FRAMEWORK_HEADER = YES;
				CLANG_WARN_RANGE_LOOP_ANALYSIS = YES;
				CLANG_WARN_STRICT_PROTOTYPES = YES;
				CLANG_WARN_SUSPICIOUS_MOVE = YES;
				CLANG_WARN_UNGUARDED_AVAILABILITY = YES_AGGRESSIVE;
				CLANG_WARN_UNREACHABLE_CODE = YES;
				CLANG_WARN__DUPLICATE_METHOD_MATCH = YES;
				COPY_PHASE_STRIP = NO;
				CURRENT_PROJECT_VERSION = 1;
				DEBUG_INFORMATION_FORMAT = "dwarf-with-dsym";
				ENABLE_NS_ASSERTIONS = NO;
				ENABLE_STRICT_OBJC_MSGSEND = YES;
				ENABLE_USER_SCRIPT_SANDBOXING = YES;
				GCC_C_LANGUAGE_STANDARD = gnu17;
				GCC_NO_COMMON_BLOCKS = YES;
				GCC_WARN_64_TO_32_BIT_CONVERSION = YES;
				GCC_WARN_ABOUT_RETURN_TYPE = YES_ERROR;
				GCC_WARN_UNDECLARED_SELECTOR = YES;
				GCC_WARN_UNINITIALIZED_AUTOS = YES_AGGRESSIVE;
				GCC_WARN_UNUSED_FUNCTION = YES;
				GCC_WARN_UNUSED_VARIABLE = YES;
				IPHONEOS_DEPLOYMENT_TARGET = 12.0;
				LOCALIZATION_PREFERS_STRING_CATALOGS = YES;
				MTL_ENABLE_DEBUG_INFO = NO;
				MTL_FAST_MATH = YES;
				SDKROOT = iphoneos;
				SWIFT_COMPILATION_MODE = wholemodule;
				VALIDATE_PRODUCT = YES;
				VERSIONING_SYSTEM = "apple-generic";
				VERSION_INFO_PREFIX = "";
			};
			name = Release;
		};
		7EEECC3D2DC1F3CF00EFE9E1 /* Debug */ = {
			isa = XCBuildConfiguration;
			buildSettings = {
				CLANG_ENABLE_MODULES = YES;
				CODE_SIGN_STYLE = Automatic;
				CURRENT_PROJECT_VERSION = 1;
				DEFINES_MODULE = YES;
				DEVELOPMENT_TEAM = 39UTNYU4ZJ;
				DYLIB_COMPATIBILITY_VERSION = 1;
				DYLIB_CURRENT_VERSION = 1;
				DYLIB_INSTALL_NAME_BASE = "@rpath";
				ENABLE_MODULE_VERIFIER = YES;
				GENERATE_INFOPLIST_FILE = YES;
				INFOPLIST_KEY_NSHumanReadableCopyright = "";
				INSTALL_PATH = "$(LOCAL_LIBRARY_DIR)/Frameworks";
				IPHONEOS_DEPLOYMENT_TARGET = 12.0;
				LD_RUNPATH_SEARCH_PATHS = (
					"$(inherited)",
					"@executable_path/Frameworks",
					"@loader_path/Frameworks",
				);
				MARKETING_VERSION = 1.0;
				MODULE_VERIFIER_SUPPORTED_LANGUAGES = "objective-c objective-c++";
				MODULE_VERIFIER_SUPPORTED_LANGUAGE_STANDARDS = "gnu17 gnu++20";
				PRODUCT_BUNDLE_IDENTIFIER = Ippopay.SenseOSUserActivity;
				PRODUCT_NAME = "$(TARGET_NAME:c99extidentifier)";
				SKIP_INSTALL = YES;
				SWIFT_EMIT_LOC_STRINGS = YES;
				SWIFT_OPTIMIZATION_LEVEL = "-Onone";
				SWIFT_VERSION = 5.0;
				TARGETED_DEVICE_FAMILY = "1,2";
			};
			name = Debug;
		};
		7EEECC3E2DC1F3CF00EFE9E1 /* Release */ = {
			isa = XCBuildConfiguration;
			buildSettings = {
				CLANG_ENABLE_MODULES = YES;
				CODE_SIGN_STYLE = Automatic;
				CURRENT_PROJECT_VERSION = 1;
				DEFINES_MODULE = YES;
				DEVELOPMENT_TEAM = 39UTNYU4ZJ;
				DYLIB_COMPATIBILITY_VERSION = 1;
				DYLIB_CURRENT_VERSION = 1;
				DYLIB_INSTALL_NAME_BASE = "@rpath";
				ENABLE_MODULE_VERIFIER = YES;
				GENERATE_INFOPLIST_FILE = YES;
				INFOPLIST_KEY_NSHumanReadableCopyright = "";
				INSTALL_PATH = "$(LOCAL_LIBRARY_DIR)/Frameworks";
				IPHONEOS_DEPLOYMENT_TARGET = 12.0;
				LD_RUNPATH_SEARCH_PATHS = (
					"$(inherited)",
					"@executable_path/Frameworks",
					"@loader_path/Frameworks",
				);
				MARKETING_VERSION = 1.0;
				MODULE_VERIFIER_SUPPORTED_LANGUAGES = "objective-c objective-c++";
				MODULE_VERIFIER_SUPPORTED_LANGUAGE_STANDARDS = "gnu17 gnu++20";
				PRODUCT_BUNDLE_IDENTIFIER = Ippopay.SenseOSUserActivity;
				PRODUCT_NAME = "$(TARGET_NAME:c99extidentifier)";
				SKIP_INSTALL = YES;
				SWIFT_EMIT_LOC_STRINGS = YES;
				SWIFT_VERSION = 5.0;
				TARGETED_DEVICE_FAMILY = "1,2";
			};
			name = Release;
		};
		7EEECC622DC1F55400EFE9E1 /* Debug */ = {
			isa = XCBuildConfiguration;
			buildSettings = {
				ASSETCATALOG_COMPILER_APPICON_NAME = AppIcon;
				ASSETCATALOG_COMPILER_GLOBAL_ACCENT_COLOR_NAME = AccentColor;
				CODE_SIGN_STYLE = Automatic;
				CURRENT_PROJECT_VERSION = 1;
				DEVELOPMENT_TEAM = 39UTNYU4ZJ;
				GENERATE_INFOPLIST_FILE = YES;
				INFOPLIST_FILE = UserActivity/Info.plist;
				INFOPLIST_KEY_UIApplicationSupportsIndirectInputEvents = YES;
				INFOPLIST_KEY_UILaunchStoryboardName = LaunchScreen;
				INFOPLIST_KEY_UIMainStoryboardFile = Main;
				INFOPLIST_KEY_UISupportedInterfaceOrientations_iPad = "UIInterfaceOrientationPortrait UIInterfaceOrientationPortraitUpsideDown UIInterfaceOrientationLandscapeLeft UIInterfaceOrientationLandscapeRight";
				INFOPLIST_KEY_UISupportedInterfaceOrientations_iPhone = "UIInterfaceOrientationPortrait UIInterfaceOrientationLandscapeLeft UIInterfaceOrientationLandscapeRight";
				IPHONEOS_DEPLOYMENT_TARGET = 12.0;
				LD_RUNPATH_SEARCH_PATHS = (
					"$(inherited)",
					"@executable_path/Frameworks",
				);
				MARKETING_VERSION = 1.0;
				PRODUCT_BUNDLE_IDENTIFIER = Ippopay.UserActivity;
				PRODUCT_NAME = "$(TARGET_NAME)";
				SWIFT_EMIT_LOC_STRINGS = YES;
				SWIFT_VERSION = 5.0;
				TARGETED_DEVICE_FAMILY = "1,2";
			};
			name = Debug;
		};
		7EEECC632DC1F55400EFE9E1 /* Release */ = {
			isa = XCBuildConfiguration;
			buildSettings = {
				ASSETCATALOG_COMPILER_APPICON_NAME = AppIcon;
				ASSETCATALOG_COMPILER_GLOBAL_ACCENT_COLOR_NAME = AccentColor;
				CODE_SIGN_STYLE = Automatic;
				CURRENT_PROJECT_VERSION = 1;
				DEVELOPMENT_TEAM = 39UTNYU4ZJ;
				GENERATE_INFOPLIST_FILE = YES;
				INFOPLIST_FILE = UserActivity/Info.plist;
				INFOPLIST_KEY_UIApplicationSupportsIndirectInputEvents = YES;
				INFOPLIST_KEY_UILaunchStoryboardName = LaunchScreen;
				INFOPLIST_KEY_UIMainStoryboardFile = Main;
				INFOPLIST_KEY_UISupportedInterfaceOrientations_iPad = "UIInterfaceOrientationPortrait UIInterfaceOrientationPortraitUpsideDown UIInterfaceOrientationLandscapeLeft UIInterfaceOrientationLandscapeRight";
				INFOPLIST_KEY_UISupportedInterfaceOrientations_iPhone = "UIInterfaceOrientationPortrait UIInterfaceOrientationLandscapeLeft UIInterfaceOrientationLandscapeRight";
				IPHONEOS_DEPLOYMENT_TARGET = 12.0;
				LD_RUNPATH_SEARCH_PATHS = (
					"$(inherited)",
					"@executable_path/Frameworks",
				);
				MARKETING_VERSION = 1.0;
				PRODUCT_BUNDLE_IDENTIFIER = Ippopay.UserActivity;
				PRODUCT_NAME = "$(TARGET_NAME)";
				SWIFT_EMIT_LOC_STRINGS = YES;
				SWIFT_VERSION = 5.0;
				TARGETED_DEVICE_FAMILY = "1,2";
			};
			name = Release;
		};
/* End XCBuildConfiguration section */

/* Begin XCConfigurationList section */
		7EEECC2F2DC1F3CF00EFE9E1 /* Build configuration list for PBXProject "SenseOSUserActivity" */ = {
			isa = XCConfigurationList;
			buildConfigurations = (
				7EEECC3A2DC1F3CF00EFE9E1 /* Debug */,
				7EEECC3B2DC1F3CF00EFE9E1 /* Release */,
			);
			defaultConfigurationIsVisible = 0;
			defaultConfigurationName = Release;
		};
		7EEECC3C2DC1F3CF00EFE9E1 /* Build configuration list for PBXNativeTarget "SenseOSUserActivity" */ = {
			isa = XCConfigurationList;
			buildConfigurations = (
				7EEECC3D2DC1F3CF00EFE9E1 /* Debug */,
				7EEECC3E2DC1F3CF00EFE9E1 /* Release */,
			);
			defaultConfigurationIsVisible = 0;
			defaultConfigurationName = Release;
		};
		7EEECC612DC1F55400EFE9E1 /* Build configuration list for PBXNativeTarget "UserActivity" */ = {
			isa = XCConfigurationList;
			buildConfigurations = (
				7EEECC622DC1F55400EFE9E1 /* Debug */,
				7EEECC632DC1F55400EFE9E1 /* Release */,
			);
			defaultConfigurationIsVisible = 0;
			defaultConfigurationName = Release;
		};
/* End XCConfigurationList section */
	};
	rootObject = 7EEECC2C2DC1F3CF00EFE9E1 /* Project object */;
}
